
Microsoft Visual Studio Solution File, Format Version 12.00
# Visual Studio 15
VisualStudioVersion = 15.0.28010.2026
MinimumVisualStudioVersion = 10.0.40219.1
Project("{FAE04EC0-301F-11D3-BF4B-00C04F79EFBC}") = "SharpShares", "SharpShares.csproj", "{FE9FDDE5-3F38-4F14-8C64-C3328C215CF2}"
EndProject
Global
	GlobalSection(SolutionConfigurationPlatforms) = preSolution
		Debug|Any CPU = Debug|Any CPU
		Release|Any CPU = Release|Any CPU
	EndGlobalSection
	GlobalSection(ProjectConfigurationPlatforms) = postSolution
		{FE9FDDE5-3F38-4F14-8C64-C3328C215CF2}.Debug|Any CPU.ActiveCfg = Debug|Any CPU
		{FE9FDDE5-3F38-4F14-8C64-C3328C215CF2}.Debug|Any CPU.Build.0 = Debug|Any CPU
		{FE9FDDE5-3F38-4F14-8C64-C3328C215CF2}.Release|Any CPU.ActiveCfg = Release|Any CPU
		{FE9FDDE5-3F38-4F14-8C64-C3328C215CF2}.Release|Any CPU.Build.0 = Release|Any CPU
	EndGlobalSection
	GlobalSection(SolutionProperties) = preSolution
		HideSolutionNode = FALSE
	EndGlobalSection
	GlobalSection(ExtensibilityGlobals) = postSolution
		SolutionGuid = {99BB7918-7BEA-4DF6-A0F9-3E33E1C5FB91}
	EndGlobalSection
EndGlobal
